
Microsoft Visual Studio Solution File, Format Version 12.00
# Visual Studio Version 17
VisualStudioVersion = 17.0.32126.317
MinimumVisualStudioVersion = 10.0.40219.1
Project("{FAE04EC0-301F-11D3-BF4B-00C04F79EFBC}") = "RocketOC.AsMinical", "RocketOC.AsMinical\RocketOC.AsMinical.csproj", "{354746BF-6B2A-405F-95FB-93A0C92390DA}"
EndProject
Global
	GlobalSection(SolutionConfigurationPlatforms) = preSolution
		Debug|Any CPU = Debug|Any CPU
		Release|Any CPU = Release|Any CPU
	EndGlobalSection
	GlobalSection(ProjectConfigurationPlatforms) = postSolution
		{354746BF-6B2A-405F-95FB-93A0C92390DA}.Debug|Any CPU.ActiveCfg = Debug|Any CPU
		{354746BF-6B2A-405F-95FB-93A0C92390DA}.Debug|Any CPU.Build.0 = Debug|Any CPU
		{354746BF-6B2A-405F-95FB-93A0C92390DA}.Release|Any CPU.ActiveCfg = Release|Any CPU
		{354746BF-6B2A-405F-95FB-93A0C92390DA}.Release|Any CPU.Build.0 = Release|Any CPU
	EndGlobalSection
	GlobalSection(SolutionProperties) = preSolution
		HideSolutionNode = FALSE
	EndGlobalSection
	GlobalSection(ExtensibilityGlobals) = postSolution
		SolutionGuid = {47D4E03A-8706-4FB5-87CC-1980012C4675}
	EndGlobalSection
EndGlobal
